// !$*UTF8*$!
{
	archiveVersion = 1;
	classes = {
	};
	objectVersion = 48;
	objects = {

/* Begin PBXBuildFile section */
		4A06F5731F8051C000583582 /* AppDelegate.swift in Sources */ = {isa = PBXBuildFile; fileRef = 4A06F5721F8051C000583582 /* AppDelegate.swift */; };
		4A06F5751F8051C000583582 /* ViewController.swift in Sources */ = {isa = PBXBuildFile; fileRef = 4A06F5741F8051C000583582 /* ViewController.swift */; };
		4A06F5781F8051C000583582 /* Main.storyboard in Resources */ = {isa = PBXBuildFile; fileRef = 4A06F5761F8051C000583582 /* Main.storyboard */; };
		4A06F57A1F8051C000583582 /* Assets.xcassets in Resources */ = {isa = PBXBuildFile; fileRef = 4A06F5791F8051C000583582 /* Assets.xcassets */; };
		4A06F57D1F8051C000583582 /* LaunchScreen.storyboard in Resources */ = {isa = PBXBuildFile; fileRef = 4A06F57B1F8051C000583582 /* LaunchScreen.storyboard */; };
		4A06F5881F80566900583582 /* RoundButton.swift in Sources */ = {isa = PBXBuildFile; fileRef = 4A06F5871F80566900583582 /* RoundButton.swift */; };
/* End PBXBuildFile section */

/* Begin PBXFileReference section */
		4A06F56F1F8051C000583582 /* Listener.app */ = {isa = PBXFileReference; explicitFileType = wrapper.application; includeInIndex = 0; path = Listener.app; sourceTree = BUILT_PRODUCTS_DIR; };
		4A06F5721F8051C000583582 /* AppDelegate.swift */ = {isa = PBXFileReference; lastKnownFileType = sourcecode.swift; path = AppDelegate.swift; sourceTree = "<group>"; };
		4A06F5741F8051C000583582 /* ViewController.swift */ = {isa = PBXFileReference; lastKnownFileType = sourcecode.swift; path = ViewController.swift; sourceTree = "<group>"; };
		4A06F5771F8051C000583582 /* Base */ = {isa = PBXFileReference; lastKnownFileType = file.storyboard; name = Base; path = Base.lproj/Main.storyboard; sourceTree = "<group>"; };
		4A06F5791F8051C000583582 /* Assets.xcassets */ = {isa = PBXFileReference; lastKnownFileType = folder.assetcatalog; path = Assets.xcassets; sourceTree = "<group>"; };
		4A06F57C1F8051C000583582 /* Base */ = {isa = PBXFileReference; lastKnownFileType = file.storyboard; name = Base; path = Base.lproj/LaunchScreen.storyboard; sourceTree = "<group>"; };
		4A06F57E1F8051C000583582 /* Info.plist */ = {isa = PBXFileReference; lastKnownFileType = text.plist.xml; path = Info.plist; sourceTree = "<group>"; };
		4A06F5871F80566900583582 /* RoundButton.swift */ = {isa = PBXFileReference; lastKnownFileType = sourcecode.swift; path = RoundButton.swift; sourceTree = "<group>"; };
/* End PBXFileReference section */

/* Begin PBXFrameworksBuildPhase section */
		4A06F56C1F8051C000583582 /* Frameworks */ = {
			isa = PBXFrameworksBuildPhase;
			buildActionMask = 2147483647;
			files = (
			);
			runOnlyForDeploymentPostprocessing = 0;
		};
/* End PBXFrameworksBuildPhase section */

/* Begin PBXGroup section */
		4A06F5661F8051C000583582 = {
			isa = PBXGroup;
			children = (
				4A06F5711F8051C000583582 /* Listener */,
				4A06F5701F8051C000583582 /* Products */,
			);
			sourceTree = "<group>";
		};
		4A06F5701F8051C000583582 /* Products */ = {
			isa = PBXGroup;
			children = (
				4A06F56F1F8051C000583582 /* Listener.app */,
			);
			name = Products;
			sourceTree = "<group>";
		};
		4A06F5711F8051C000583582 /* Listener */ = {
			isa = PBXGroup;
			children = (
				4A06F5841F8055FC00583582 /* Model */,
				4A06F5851F80560500583582 /* View */,
				4A06F5861F80560C00583582 /* Controller */,
				4A06F5721F8051C000583582 /* AppDelegate.swift */,
				4A06F5761F8051C000583582 /* Main.storyboard */,
				4A06F5791F8051C000583582 /* Assets.xcassets */,
				4A06F57B1F8051C000583582 /* LaunchScreen.storyboard */,
				4A06F57E1F8051C000583582 /* Info.plist */,
			);
			path = Listener;
			sourceTree = "<group>";
		};
		4A06F5841F8055FC00583582 /* Model */ = {
			isa = PBXGroup;
			children = (
			);
			path = Model;
			sourceTree = "<group>";
		};
		4A06F5851F80560500583582 /* View */ = {
			isa = PBXGroup;
			children = (
				4A06F5871F80566900583582 /* RoundButton.swift */,
			);
			path = View;
			sourceTree = "<group>";
		};
		4A06F5861F80560C00583582 /* Controller */ = {
			isa = PBXGroup;
			children = (
				4A06F5741F8051C000583582 /* ViewController.swift */,
			);
			path = Controller;
			sourceTree = "<group>";
		};
/* End PBXGroup section */

/* Begin PBXNativeTarget section */
		4A06F56E1F8051C000583582 /* Listener */ = {
			isa = PBXNativeTarget;
			buildConfigurationList = 4A06F5811F8051C000583582 /* Build configuration list for PBXNativeTarget "Listener" */;
			buildPhases = (
				4A06F56B1F8051C000583582 /* Sources */,
				4A06F56C1F8051C000583582 /* Frameworks */,
				4A06F56D1F8051C000583582 /* Resources */,
			);
			buildRules = (
			);
			dependencies = (
			);
			name = Listener;
			productName = Listener;
			productReference = 4A06F56F1F8051C000583582 /* Listener.app */;
			productType = "com.apple.product-type.application";
		};
/* End PBXNativeTarget section */

/* Begin PBXProject section */
		4A06F5671F8051C000583582 /* Project object */ = {
			isa = PBXProject;
			attributes = {
				LastSwiftUpdateCheck = 0900;
				LastUpgradeCheck = 0900;
				ORGANIZATIONNAME = "Fei Liang";
				TargetAttributes = {
					4A06F56E1F8051C000583582 = {
						CreatedOnToolsVersion = 9.0;
						ProvisioningStyle = Automatic;
					};
				};
			};
			buildConfigurationList = 4A06F56A1F8051C000583582 /* Build configuration list for PBXProject "Listener" */;
			compatibilityVersion = "Xcode 8.0";
			developmentRegion = en;
			hasScannedForEncodings = 0;
			knownRegions = (
				en,
				Base,
			);
			mainGroup = 4A06F5661F8051C000583582;
			productRefGroup = 4A06F5701F8051C000583582 /* Products */;
			projectDirPath = "";
			projectRoot = "";
			targets = (
				4A06F56E1F8051C000583582 /* Listener */,
			);
		};
/* End PBXProject section */

/* Begin PBXResourcesBuildPhase section */
		4A06F56D1F8051C000583582 /* Resources */ = {
			isa = PBXResourcesBuildPhase;
			buildActionMask = 2147483647;
			files = (
				4A06F57D1F8051C000583582 /* LaunchScreen.storyboard in Resources */,
				4A06F57A1F8051C000583582 /* Assets.xcassets in Resources */,
				4A06F5781F8051C000583582 /* Main.storyboard in Resources */,
			);
			runOnlyForDeploymentPostprocessing = 0;
		};
/* End PBXResourcesBuildPhase section */

/* Begin PBXSourcesBuildPhase section */
		4A06F56B1F8051C000583582 /* Sources */ = {
			isa = PBXSourcesBuildPhase;
			buildActionMask = 2147483647;
			files = (
				4A06F5881F80566900583582 /* RoundButton.swift in Sources */,
				4A06F5751F8051C000583582 /* ViewController.swift in Sources */,
				4A06F5731F8051C000583582 /* AppDelegate.swift in Sources */,
			);
			runOnlyForDeploymentPostprocessing = 0;
		};
/* End PBXSourcesBuildPhase section */

/* Begin PBXVariantGroup section */
		4A06F5761F8051C000583582 /* Main.storyboard */ = {
			isa = PBXVariantGroup;
			children = (
				4A06F5771F8051C000583582 /* Base */,
			);
			name = Main.storyboard;
			sourceTree = "<group>";
		};
		4A06F57B1F8051C000583582 /* LaunchScreen.storyboard */ = {
			isa = PBXVariantGroup;
			children = (
				4A06F57C1F8051C000583582 /* Base */,
			);
			name = LaunchScreen.storyboard;
			sourceTree = "<group>";
		};
/* End PBXVariantGroup section */

/* Begin XCBuildConfiguration section */
		4A06F57F1F8051C000583582 /* Debug */ = {
			isa = XCBuildConfiguration;
			buildSettings = {
				ALWAYS_SEARCH_USER_PATHS = NO;
				CLANG_ANALYZER_NONNULL = YES;
				CLANG_ANALYZER_NUMBER_OBJECT_CONVERSION = YES_AGGRESSIVE;
				CLANG_CXX_LANGUAGE_STANDARD = "gnu++14";
				CLANG_CXX_LIBRARY = "libc++";
				CLANG_ENABLE_MODULES = YES;
				CLANG_ENABLE_OBJC_ARC = YES;
				CLANG_WARN_BLOCK_CAPTURE_AUTORELEASING = YES;
				CLANG_WARN_BOOL_CONVERSION = YES;
				CLANG_WARN_COMMA = YES;
				CLANG_WARN_CONSTANT_CONVERSION = YES;
				CLANG_WARN_DIRECT_OBJC_ISA_USAGE = YES_ERROR;
				CLANG_WARN_DOCUMENTATION_COMMENTS = YES;
				CLANG_WARN_EMPTY_BODY = YES;
				CLANG_WARN_ENUM_CONVERSION = YES;
				CLANG_WARN_INFINITE_RECURSION = YES;
				CLANG_WARN_INT_CONVERSION = YES;
				CLANG_WARN_NON_LITERAL_NULL_CONVERSION = YES;
				CLANG_WARN_OBJC_LITERAL_CONVERSION = YES;
				CLANG_WARN_OBJC_ROOT_CLASS = YES_ERROR;
				CLANG_WARN_RANGE_LOOP_ANALYSIS = YES;
				CLANG_WARN_STRICT_PROTOTYPES = YES;
				CLANG_WARN_SUSPICIOUS_MOVE = YES;
				CLANG_WARN_UNGUARDED_AVAILABILITY = YES_AGGRESSIVE;
				CLANG_WARN_UNREACHABLE_CODE = YES;
				CLANG_WARN__DUPLICATE_METHOD_MATCH = YES;
				CODE_SIGN_IDENTITY = "iPhone Developer";
				COPY_PHASE_STRIP = NO;
				DEBUG_INFORMATION_FORMAT = dwarf;
				ENABLE_STRICT_OBJC_MSGSEND = YES;
				ENABLE_TESTABILITY = YES;
				GCC_C_LANGUAGE_STANDARD = gnu11;
				GCC_DYNAMIC_NO_PIC = NO;
				GCC_NO_COMMON_BLOCKS = YES;
				GCC_OPTIMIZATION_LEVEL = 0;
				GCC_PREPROCESSOR_DEFINITIONS = (
					"DEBUG=1",
					"$(inherited)",
				);
				GCC_WARN_64_TO_32_BIT_CONVERSION = YES;
				GCC_WARN_ABOUT_RETURN_TYPE = YES_ERROR;
				GCC_WARN_UNDECLARED_SELECTOR = YES;
				GCC_WARN_UNINITIALIZED_AUTOS = YES_AGGRESSIVE;
				GCC_WARN_UNUSED_FUNCTION = YES;
				GCC_WARN_UNUSED_VARIABLE = YES;
				IPHONEOS_DEPLOYMENT_TARGET = 11.0;
				MTL_ENABLE_DEBUG_INFO = YES;
				ONLY_ACTIVE_ARCH = YES;
				SDKROOT = iphoneos;
				SWIFT_ACTIVE_COMPILATION_CONDITIONS = DEBUG;
				SWIFT_OPTIMIZATION_LEVEL = "-Onone";
			};
			name = Debug;
		};
		4A06F5801F8051C000583582 /* Release */ = {
			isa = XCBuildConfiguration;
			buildSettings = {
				ALWAYS_SEARCH_USER_PATHS = NO;
				CLANG_ANALYZER_NONNULL = YES;
				CLANG_ANALYZER_NUMBER_OBJECT_CONVERSION = YES_AGGRESSIVE;
				CLANG_CXX_LANGUAGE_STANDARD = "gnu++14";
				CLANG_CXX_LIBRARY = "libc++";
				CLANG_ENABLE_MODULES = YES;
				CLANG_ENABLE_OBJC_ARC = YES;
				CLANG_WARN_BLOCK_CAPTURE_AUTORELEASING = YES;
				CLANG_WARN_BOOL_CONVERSION = YES;
				CLANG_WARN_COMMA = YES;
				CLANG_WARN_CONSTANT_CONVERSION = YES;
				CLANG_WARN_DIRECT_OBJC_ISA_USAGE = YES_ERROR;
				CLANG_WARN_DOCUMENTATION_COMMENTS = YES;
				CLANG_WARN_EMPTY_BODY = YES;
				CLANG_WARN_ENUM_CONVERSION = YES;
				CLANG_WARN_INFINITE_RECURSION = YES;
				CLANG_WARN_INT_CONVERSION = YES;
				CLANG_WARN_NON_LITERAL_NULL_CONVERSION = YES;
				CLANG_WARN_OBJC_LITERAL_CONVERSION = YES;
				CLANG_WARN_OBJC_ROOT_CLASS = YES_ERROR;
				CLANG_WARN_RANGE_LOOP_ANALYSIS = YES;
				CLANG_WARN_STRICT_PROTOTYPES = YES;
				CLANG_WARN_SUSPICIOUS_MOVE = YES;
				CLANG_WARN_UNGUARDED_AVAILABILITY = YES_AGGRESSIVE;
				CLANG_WARN_UNREACHABLE_CODE = YES;
				CLANG_WARN__DUPLICATE_METHOD_MATCH = YES;
				CODE_SIGN_IDENTITY = "iPhone Developer";
				COPY_PHASE_STRIP = NO;
				DEBUG_INFORMATION_FORMAT = "dwarf-with-dsym";
				ENABLE_NS_ASSERTIONS = NO;
				ENABLE_STRICT_OBJC_MSGSEND = YES;
				GCC_C_LANGUAGE_STANDARD = gnu11;
				GCC_NO_COMMON_BLOCKS = YES;
				GCC_WARN_64_TO_32_BIT_CONVERSION = YES;
				GCC_WARN_ABOUT_RETURN_TYPE = YES_ERROR;
				GCC_WARN_UNDECLARED_SELECTOR = YES;
				GCC_WARN_UNINITIALIZED_AUTOS = YES_AGGRESSIVE;
				GCC_WARN_UNUSED_FUNCTION = YES;
				GCC_WARN_UNUSED_VARIABLE = YES;
				IPHONEOS_DEPLOYMENT_TARGET = 11.0;
				MTL_ENABLE_DEBUG_INFO = NO;
				SDKROOT = iphoneos;
				SWIFT_OPTIMIZATION_LEVEL = "-Owholemodule";
				VALIDATE_PRODUCT = YES;
			};
			name = Release;
		};
		4A06F5821F8051C000583582 /* Debug */ = {
			isa = XCBuildConfiguration;
			buildSettings = {
				ASSETCATALOG_COMPILER_APPICON_NAME = AppIcon;
				CODE_SIGN_STYLE = Automatic;
				DEVELOPMENT_TEAM = 7W772C3745;
				INFOPLIST_FILE = Listener/Info.plist;
				LD_RUNPATH_SEARCH_PATHS = "$(inherited) @executable_path/Frameworks";
				PRODUCT_BUNDLE_IDENTIFIER = "Fei-Liang.Listener";
				PRODUCT_NAME = "$(TARGET_NAME)";
				SWIFT_VERSION = 4.0;
				TARGETED_DEVICE_FAMILY = "1,2";
			};
			name = Debug;
		};
		4A06F5831F8051C000583582 /* Release */ = {
			isa = XCBuildConfiguration;
			buildSettings = {
				ASSETCATALOG_COMPILER_APPICON_NAME = AppIcon;
				CODE_SIGN_STYLE = Automatic;
				DEVELOPMENT_TEAM = 7W772C3745;
				INFOPLIST_FILE = Listener/Info.plist;
				LD_RUNPATH_SEARCH_PATHS = "$(inherited) @executable_path/Frameworks";
				PRODUCT_BUNDLE_IDENTIFIER = "Fei-Liang.Listener";
				PRODUCT_NAME = "$(TARGET_NAME)";
				SWIFT_VERSION = 4.0;
				TARGETED_DEVICE_FAMILY = "1,2";
			};
			name = Release;
		};
/* End XCBuildConfiguration section */

/* Begin XCConfigurationList section */
		4A06F56A1F8051C000583582 /* Build configuration list for PBXProject "Listener" */ = {
			isa = XCConfigurationList;
			buildConfigurations = (
				4A06F57F1F8051C000583582 /* Debug */,
				4A06F5801F8051C000583582 /* Release */,
			);
			defaultConfigurationIsVisible = 0;
			defaultConfigurationName = Release;
		};
		4A06F5811F8051C000583582 /* Build configuration list for PBXNativeTarget "Listener" */ = {
			isa = XCConfigurationList;
			buildConfigurations = (
				4A06F5821F8051C000583582 /* Debug */,
				4A06F5831F8051C000583582 /* Release */,
			);
			defaultConfigurationIsVisible = 0;
			defaultConfigurationName = Release;
		};
/* End XCConfigurationList section */
	};
	rootObject = 4A06F5671F8051C000583582 /* Project object */;
}
